{
  "name": "itsy8",
  "version": "0.0.0",
  "lockfileVersion": 1,
  "requires": true,
  "dependencies": {
    "lua-src": {
      "version": "5.3.5",
      "resolved": "https://registry.npmjs.org/lua-src/-/lua-src-5.3.5.tgz",
      "integrity": "sha512-4oGalKq9RFs/14uHbkHgqd1FdJJiLuC5aScsmM7dMidM8AULhMUwbN+4z6RCXltNKrYB7JH+jAYYEAE9wSOb0w==",
      "dev": true
    }
  }
}
