# THIS IS AN AUTOGENERATED FILE. DO NOT EDIT THIS FILE DIRECTLY.
# yarn lockfile v1


"@types/node@*":
  version "13.7.7"
  resolved "https://registry.yarnpkg.com/@types/node/-/node-13.7.7.tgz#1628e6461ba8cc9b53196dfeaeec7b07fa6eea99"
  integrity sha512-Uo4chgKbnPNlxQwoFmYIwctkQVkMMmsAoGGU4JKwLuvBefF0pCq4FybNSnfkfRCpC7ZW7kttcC/TrRtAJsvGtg==

"@types/pngjs@^3.4.1":
  version "3.4.1"
  resolved "https://registry.yarnpkg.com/@types/pngjs/-/pngjs-3.4.1.tgz#2da41c25e4eb4c4e4c703cb306f7561311ac3a0c"
  integrity sha512-cMBddD0y1zHkyT2nHNvQh1VQZyAnQc+i2I3GhY74CMyCEbGBfQ2fmDUuIwcsw6saVj4EdoJ/PAXZYOXRO368MA==
  dependencies:
    "@types/node" "*"

base64-stream@^1.0.0:
  version "1.0.0"
  resolved "https://registry.yarnpkg.com/base64-stream/-/base64-stream-1.0.0.tgz#157ae00bc7888695e884e1fcc51c551fdfa8a1fa"
  integrity sha512-BQQZftaO48FcE1Kof9CmXMFaAdqkcNorgc8CxesZv9nMbbTF1EFyQe89UOuh//QMmdtfUDXyO8rgUalemL5ODA==

lodash@^4.17.15:
  version "4.17.15"
  resolved "https://registry.yarnpkg.com/lodash/-/lodash-4.17.15.tgz#b447f6670a0455bbfeedd11392eff330ea097548"
  integrity sha512-8xOcRHvCjnocdS5cpwXQXVzmmh5e5+saE2QGoeQmbKmRS6J3VQppPOIt0MnmE+4xlZoumy0GPG0D0MVIQbNA1A==

pngjs@^3.4.0:
  version "3.4.0"
  resolved "https://registry.yarnpkg.com/pngjs/-/pngjs-3.4.0.tgz#99ca7d725965fb655814eaf65f38f12bbdbf555f"
  integrity sha512-NCrCHhWmnQklfH4MtJMRjZ2a8c80qXeMlQMv2uVp9ISJMTt562SbGd6n2oq0PaPgKm7Z6pL9E2UlLIhC+SHL3w==
